
Microsoft Visual Studio Solution File, Format Version 12.00
# Visual Studio Version 16
VisualStudioVersion = 16.0.31829.152
MinimumVisualStudioVersion = 10.0.40219.1
Project("{888888A0-9F3D-457C-B088-3A5042F75D52}") = "PythonApplication11", "PythonApplication11\PythonApplication11.pyproj", "{B8851A4E-9771-434E-96E0-32828CAA245E}"
EndProject
Global
	GlobalSection(SolutionConfigurationPlatforms) = preSolution
		Debug|Any CPU = Debug|Any CPU
		Release|Any CPU = Release|Any CPU
	EndGlobalSection
	GlobalSection(ProjectConfigurationPlatforms) = postSolution
		{B8851A4E-9771-434E-96E0-32828CAA245E}.Debug|Any CPU.ActiveCfg = Debug|Any CPU
		{B8851A4E-9771-434E-96E0-32828CAA245E}.Release|Any CPU.ActiveCfg = Release|Any CPU
	EndGlobalSection
	GlobalSection(SolutionProperties) = preSolution
		HideSolutionNode = FALSE
	EndGlobalSection
	GlobalSection(ExtensibilityGlobals) = postSolution
		SolutionGuid = {1F0B1567-5B04-4F40-B718-F61AD5CDBE13}
	EndGlobalSection
EndGlobal
